
Microsoft Visual Studio Solution File, Format Version 12.00
# Visual Studio 2012
VisualStudioVersion = 12.0.31101.0
MinimumVisualStudioVersion = 10.0.40219.1
Project("{FAE04EC0-301F-11D3-BF4B-00C04F79EFBC}") = "ServerAdmin", "ServerAdmin\ServerAdmin.csproj", "{A1A408D7-F9EC-433F-9496-0E3F6A2414D6}"
EndProject
Project("{2150E333-8FDC-42A3-9474-1A3956D46DE8}") = ".nuget", ".nuget", "{9242E026-0B71-4ED0-A258-A9C57FFB7119}"
	ProjectSection(SolutionItems) = preProject
		.nuget\NuGet.Config = .nuget\NuGet.Config
		.nuget\NuGet.exe = .nuget\NuGet.exe
		.nuget\NuGet.targets = .nuget\NuGet.targets
	EndProjectSection
EndProject
Project("{FAE04EC0-301F-11D3-BF4B-00C04F79EFBC}") = "TestApp", "TestApp\TestApp.csproj", "{973A9A65-99FE-4669-B8B3-FAC8807B3E75}"
EndProject
Project("{FAE04EC0-301F-11D3-BF4B-00C04F79EFBC}") = "Tbl.ServerAdmin.DataAccess.Core", "Tbl.ServerAdmin.DataAccess.Core\Tbl.ServerAdmin.DataAccess.Core.csproj", "{26AA2BEE-72D2-44BB-BCA3-F1A7CAA1A66D}"
EndProject
Project("{FAE04EC0-301F-11D3-BF4B-00C04F79EFBC}") = "Tbl.ServerAdmin.DataAccess.SqlLite", "Tbl.ServerAdmin.DataAccess.SqlLite\Tbl.ServerAdmin.DataAccess.SqlLite.csproj", "{8661E930-22FE-45E5-A3C9-CE989F5649CC}"
EndProject
Global
	GlobalSection(SolutionConfigurationPlatforms) = preSolution
		Debug|Any CPU = Debug|Any CPU
		Release|Any CPU = Release|Any CPU
	EndGlobalSection
	GlobalSection(ProjectConfigurationPlatforms) = postSolution
		{26AA2BEE-72D2-44BB-BCA3-F1A7CAA1A66D}.Debug|Any CPU.ActiveCfg = Debug|Any CPU
		{26AA2BEE-72D2-44BB-BCA3-F1A7CAA1A66D}.Debug|Any CPU.Build.0 = Debug|Any CPU
		{26AA2BEE-72D2-44BB-BCA3-F1A7CAA1A66D}.Release|Any CPU.ActiveCfg = Release|Any CPU
		{26AA2BEE-72D2-44BB-BCA3-F1A7CAA1A66D}.Release|Any CPU.Build.0 = Release|Any CPU
		{8661E930-22FE-45E5-A3C9-CE989F5649CC}.Debug|Any CPU.ActiveCfg = Debug|Any CPU
		{8661E930-22FE-45E5-A3C9-CE989F5649CC}.Debug|Any CPU.Build.0 = Debug|Any CPU
		{8661E930-22FE-45E5-A3C9-CE989F5649CC}.Release|Any CPU.ActiveCfg = Release|Any CPU
		{8661E930-22FE-45E5-A3C9-CE989F5649CC}.Release|Any CPU.Build.0 = Release|Any CPU
		{973A9A65-99FE-4669-B8B3-FAC8807B3E75}.Debug|Any CPU.ActiveCfg = Debug|Any CPU
		{973A9A65-99FE-4669-B8B3-FAC8807B3E75}.Debug|Any CPU.Build.0 = Debug|Any CPU
		{973A9A65-99FE-4669-B8B3-FAC8807B3E75}.Release|Any CPU.ActiveCfg = Release|Any CPU
		{973A9A65-99FE-4669-B8B3-FAC8807B3E75}.Release|Any CPU.Build.0 = Release|Any CPU
		{A1A408D7-F9EC-433F-9496-0E3F6A2414D6}.Debug|Any CPU.ActiveCfg = Debug|Any CPU
		{A1A408D7-F9EC-433F-9496-0E3F6A2414D6}.Debug|Any CPU.Build.0 = Debug|Any CPU
		{A1A408D7-F9EC-433F-9496-0E3F6A2414D6}.Release|Any CPU.ActiveCfg = Release|Any CPU
		{A1A408D7-F9EC-433F-9496-0E3F6A2414D6}.Release|Any CPU.Build.0 = Release|Any CPU
	EndGlobalSection
	GlobalSection(NestedProjects) = preSolution
	EndGlobalSection
	GlobalSection(MonoDevelopProperties) = preSolution
		Policies = $0
		$0.DotNetNamingPolicy = $1
		$1.DirectoryNamespaceAssociation = None
		$1.ResourceNamePolicy = FileFormatDefault
		$0.StandardHeader = $2
		$2.Text = 
		$2.IncludeInNewFiles = True
	EndGlobalSection
	GlobalSection(SolutionProperties) = preSolution
		HideSolutionNode = FALSE
	EndGlobalSection
EndGlobal
