
Microsoft Visual Studio Solution File, Format Version 12.00
# Visual Studio 2013
VisualStudioVersion = 12.0.31101.0
MinimumVisualStudioVersion = 10.0.40219.1
Project("{FAE04EC0-301F-11D3-BF4B-00C04F79EFBC}") = "ServerAdmin", "ServerAdmin\ServerAdmin.csproj", "{A1A408D7-F9EC-433F-9496-0E3F6A2414D6}"
EndProject
Project("{2150E333-8FDC-42A3-9474-1A3956D46DE8}") = ".nuget", ".nuget", "{9242E026-0B71-4ED0-A258-A9C57FFB7119}"
	ProjectSection(SolutionItems) = preProject
		.nuget\NuGet.Config = .nuget\NuGet.Config
		.nuget\NuGet.exe = .nuget\NuGet.exe
	EndProjectSection
EndProject
Project("{FAE04EC0-301F-11D3-BF4B-00C04F79EFBC}") = "TestApp", "TestApp\TestApp.csproj", "{973A9A65-99FE-4669-B8B3-FAC8807B3E75}"
EndProject
Project("{FAE04EC0-301F-11D3-BF4B-00C04F79EFBC}") = "Tbl.ServerAdmin.DataAccess.Core", "Tbl.ServerAdmin.DataAccess.Core\Tbl.ServerAdmin.DataAccess.Core.csproj", "{26AA2BEE-72D2-44BB-BCA3-F1A7CAA1A66D}"
EndProject
Project("{FAE04EC0-301F-11D3-BF4B-00C04F79EFBC}") = "Tbl.ServerAdmin.DataAccess.SqlLite", "Tbl.ServerAdmin.DataAccess.SqlLite\Tbl.ServerAdmin.DataAccess.SqlLite.csproj", "{8661E930-22FE-45E5-A3C9-CE989F5649CC}"
EndProject
Project("{FAE04EC0-301F-11D3-BF4B-00C04F79EFBC}") = "Tbl.ServerAdmin.DataAccess", "Tbl.ServerAdmin.DataAccess\Tbl.ServerAdmin.DataAccess.csproj", "{2A3B60B2-E8B0-42F8-99B3-BA42E52274EA}"
EndProject
Project("{FAE04EC0-301F-11D3-BF4B-00C04F79EFBC}") = "Tbl.ServerAdmin.Web", "Tbl.ServerAdmin.Web\Tbl.ServerAdmin.Web.csproj", "{F73A23BA-2411-4C0F-BBD2-512F8173707C}"
EndProject
Project("{FAE04EC0-301F-11D3-BF4B-00C04F79EFBC}") = "Tbl.ServerAdmin.Providers", "Tbl.ServerAdmin.Providers\Tbl.ServerAdmin.Providers.csproj", "{12381CA9-BF08-4871-9B29-9C306B05A109}"
EndProject
Project("{FAE04EC0-301F-11D3-BF4B-00C04F79EFBC}") = "Tbl.Framework.Web", "Tbl.Framework.Web\Tbl.Framework.Web.csproj", "{AE238ADE-E514-4F9B-A410-F65F9728278B}"
EndProject
Project("{FAE04EC0-301F-11D3-BF4B-00C04F79EFBC}") = "Tbl.Framework", "Tbl.Framework\Tbl.Framework.csproj", "{7833BFFA-5FE3-4BBD-A0E4-F833AC9CD214}"
EndProject
Project("{FAE04EC0-301F-11D3-BF4B-00C04F79EFBC}") = "Tbl.ServerAdmin.Providers.Windows", "Tbl.ServerAdmin.Providers.Windows\Tbl.ServerAdmin.Providers.Windows.csproj", "{118C0C80-9338-479D-879A-E6737B6547A0}"
EndProject
Project("{2150E333-8FDC-42A3-9474-1A3956D46DE8}") = "Tests", "Tests", "{CE6761DB-C91C-486F-9801-78DA808558CE}"
EndProject
Project("{FAE04EC0-301F-11D3-BF4B-00C04F79EFBC}") = "Tbl.ServerAdmin.Providers.Windows.Tests", "Tbl.ServerAdmin.Providers.Windows.Tests\Tbl.ServerAdmin.Providers.Windows.Tests.csproj", "{E5DD7185-66B4-41DD-AAC9-7E055FB1BF24}"
EndProject
Project("{FAE04EC0-301F-11D3-BF4B-00C04F79EFBC}") = "Tbl.ServerAdmin.Providers.Linux", "Tbl.ServerAdmin.Providers.Linux\Tbl.ServerAdmin.Providers.Linux.csproj", "{0049D810-5F36-4932-8CAC-9C24199EAB3C}"
EndProject
Project("{FAE04EC0-301F-11D3-BF4B-00C04F79EFBC}") = "Tbl.ServerAdmin.Providers.Linux.Tests", "Tbl.ServerAdmin.Providers.Linux.Tests\Tbl.ServerAdmin.Providers.Linux.Tests.csproj", "{851F5B53-F7ED-435E-BEF9-6486B3FE42C7}"
EndProject
Global
	GlobalSection(SolutionConfigurationPlatforms) = preSolution
		Debug|Any CPU = Debug|Any CPU
		Mono Debug|Any CPU = Mono Debug|Any CPU
		Mono Release|Any CPU = Mono Release|Any CPU
		MS Debug|Any CPU = MS Debug|Any CPU
		MS Release|Any CPU = MS Release|Any CPU
		Release|Any CPU = Release|Any CPU
	EndGlobalSection
	GlobalSection(ProjectConfigurationPlatforms) = postSolution
		{A1A408D7-F9EC-433F-9496-0E3F6A2414D6}.Debug|Any CPU.ActiveCfg = Debug|Any CPU
		{A1A408D7-F9EC-433F-9496-0E3F6A2414D6}.Debug|Any CPU.Build.0 = Debug|Any CPU
		{A1A408D7-F9EC-433F-9496-0E3F6A2414D6}.Mono Debug|Any CPU.ActiveCfg = Mono Debug|Any CPU
		{A1A408D7-F9EC-433F-9496-0E3F6A2414D6}.Mono Debug|Any CPU.Build.0 = Mono Debug|Any CPU
		{A1A408D7-F9EC-433F-9496-0E3F6A2414D6}.Mono Release|Any CPU.ActiveCfg = Mono Release|Any CPU
		{A1A408D7-F9EC-433F-9496-0E3F6A2414D6}.Mono Release|Any CPU.Build.0 = Mono Release|Any CPU
		{A1A408D7-F9EC-433F-9496-0E3F6A2414D6}.MS Debug|Any CPU.ActiveCfg = MS Debug|Any CPU
		{A1A408D7-F9EC-433F-9496-0E3F6A2414D6}.MS Debug|Any CPU.Build.0 = MS Debug|Any CPU
		{A1A408D7-F9EC-433F-9496-0E3F6A2414D6}.MS Release|Any CPU.ActiveCfg = MS Release|Any CPU
		{A1A408D7-F9EC-433F-9496-0E3F6A2414D6}.MS Release|Any CPU.Build.0 = MS Release|Any CPU
		{A1A408D7-F9EC-433F-9496-0E3F6A2414D6}.Release|Any CPU.ActiveCfg = Release|Any CPU
		{A1A408D7-F9EC-433F-9496-0E3F6A2414D6}.Release|Any CPU.Build.0 = Release|Any CPU
		{973A9A65-99FE-4669-B8B3-FAC8807B3E75}.Debug|Any CPU.ActiveCfg = Debug|Any CPU
		{973A9A65-99FE-4669-B8B3-FAC8807B3E75}.Debug|Any CPU.Build.0 = Debug|Any CPU
		{973A9A65-99FE-4669-B8B3-FAC8807B3E75}.Mono Debug|Any CPU.ActiveCfg = Mono Debug|Any CPU
		{973A9A65-99FE-4669-B8B3-FAC8807B3E75}.Mono Debug|Any CPU.Build.0 = Mono Debug|Any CPU
		{973A9A65-99FE-4669-B8B3-FAC8807B3E75}.Mono Release|Any CPU.ActiveCfg = Mono Release|Any CPU
		{973A9A65-99FE-4669-B8B3-FAC8807B3E75}.Mono Release|Any CPU.Build.0 = Mono Release|Any CPU
		{973A9A65-99FE-4669-B8B3-FAC8807B3E75}.MS Debug|Any CPU.ActiveCfg = MS Debug|Any CPU
		{973A9A65-99FE-4669-B8B3-FAC8807B3E75}.MS Debug|Any CPU.Build.0 = MS Debug|Any CPU
		{973A9A65-99FE-4669-B8B3-FAC8807B3E75}.MS Release|Any CPU.ActiveCfg = MS Release|Any CPU
		{973A9A65-99FE-4669-B8B3-FAC8807B3E75}.MS Release|Any CPU.Build.0 = MS Release|Any CPU
		{973A9A65-99FE-4669-B8B3-FAC8807B3E75}.Release|Any CPU.ActiveCfg = Release|Any CPU
		{973A9A65-99FE-4669-B8B3-FAC8807B3E75}.Release|Any CPU.Build.0 = Release|Any CPU
		{26AA2BEE-72D2-44BB-BCA3-F1A7CAA1A66D}.Debug|Any CPU.ActiveCfg = Debug|Any CPU
		{26AA2BEE-72D2-44BB-BCA3-F1A7CAA1A66D}.Debug|Any CPU.Build.0 = Debug|Any CPU
		{26AA2BEE-72D2-44BB-BCA3-F1A7CAA1A66D}.Mono Debug|Any CPU.ActiveCfg = Mono Debug|Any CPU
		{26AA2BEE-72D2-44BB-BCA3-F1A7CAA1A66D}.Mono Debug|Any CPU.Build.0 = Mono Debug|Any CPU
		{26AA2BEE-72D2-44BB-BCA3-F1A7CAA1A66D}.Mono Release|Any CPU.ActiveCfg = Mono Release|Any CPU
		{26AA2BEE-72D2-44BB-BCA3-F1A7CAA1A66D}.Mono Release|Any CPU.Build.0 = Mono Release|Any CPU
		{26AA2BEE-72D2-44BB-BCA3-F1A7CAA1A66D}.MS Debug|Any CPU.ActiveCfg = MS Debug|Any CPU
		{26AA2BEE-72D2-44BB-BCA3-F1A7CAA1A66D}.MS Debug|Any CPU.Build.0 = MS Debug|Any CPU
		{26AA2BEE-72D2-44BB-BCA3-F1A7CAA1A66D}.MS Release|Any CPU.ActiveCfg = MS Release|Any CPU
		{26AA2BEE-72D2-44BB-BCA3-F1A7CAA1A66D}.MS Release|Any CPU.Build.0 = MS Release|Any CPU
		{26AA2BEE-72D2-44BB-BCA3-F1A7CAA1A66D}.Release|Any CPU.ActiveCfg = Release|Any CPU
		{26AA2BEE-72D2-44BB-BCA3-F1A7CAA1A66D}.Release|Any CPU.Build.0 = Release|Any CPU
		{8661E930-22FE-45E5-A3C9-CE989F5649CC}.Debug|Any CPU.ActiveCfg = Debug|Any CPU
		{8661E930-22FE-45E5-A3C9-CE989F5649CC}.Debug|Any CPU.Build.0 = Debug|Any CPU
		{8661E930-22FE-45E5-A3C9-CE989F5649CC}.Mono Debug|Any CPU.ActiveCfg = Mono Debug|Any CPU
		{8661E930-22FE-45E5-A3C9-CE989F5649CC}.Mono Debug|Any CPU.Build.0 = Mono Debug|Any CPU
		{8661E930-22FE-45E5-A3C9-CE989F5649CC}.Mono Release|Any CPU.ActiveCfg = Mono Release|Any CPU
		{8661E930-22FE-45E5-A3C9-CE989F5649CC}.Mono Release|Any CPU.Build.0 = Mono Release|Any CPU
		{8661E930-22FE-45E5-A3C9-CE989F5649CC}.MS Debug|Any CPU.ActiveCfg = MS Debug|Any CPU
		{8661E930-22FE-45E5-A3C9-CE989F5649CC}.MS Debug|Any CPU.Build.0 = MS Debug|Any CPU
		{8661E930-22FE-45E5-A3C9-CE989F5649CC}.MS Release|Any CPU.ActiveCfg = MS Release|Any CPU
		{8661E930-22FE-45E5-A3C9-CE989F5649CC}.MS Release|Any CPU.Build.0 = MS Release|Any CPU
		{8661E930-22FE-45E5-A3C9-CE989F5649CC}.Release|Any CPU.ActiveCfg = Release|Any CPU
		{8661E930-22FE-45E5-A3C9-CE989F5649CC}.Release|Any CPU.Build.0 = Release|Any CPU
		{2A3B60B2-E8B0-42F8-99B3-BA42E52274EA}.Debug|Any CPU.ActiveCfg = Debug|Any CPU
		{2A3B60B2-E8B0-42F8-99B3-BA42E52274EA}.Debug|Any CPU.Build.0 = Debug|Any CPU
		{2A3B60B2-E8B0-42F8-99B3-BA42E52274EA}.Mono Debug|Any CPU.ActiveCfg = Mono Debug|Any CPU
		{2A3B60B2-E8B0-42F8-99B3-BA42E52274EA}.Mono Debug|Any CPU.Build.0 = Mono Debug|Any CPU
		{2A3B60B2-E8B0-42F8-99B3-BA42E52274EA}.Mono Release|Any CPU.ActiveCfg = Mono Release|Any CPU
		{2A3B60B2-E8B0-42F8-99B3-BA42E52274EA}.Mono Release|Any CPU.Build.0 = Mono Release|Any CPU
		{2A3B60B2-E8B0-42F8-99B3-BA42E52274EA}.MS Debug|Any CPU.ActiveCfg = MS Debug|Any CPU
		{2A3B60B2-E8B0-42F8-99B3-BA42E52274EA}.MS Debug|Any CPU.Build.0 = MS Debug|Any CPU
		{2A3B60B2-E8B0-42F8-99B3-BA42E52274EA}.MS Release|Any CPU.ActiveCfg = MS Release|Any CPU
		{2A3B60B2-E8B0-42F8-99B3-BA42E52274EA}.MS Release|Any CPU.Build.0 = MS Release|Any CPU
		{2A3B60B2-E8B0-42F8-99B3-BA42E52274EA}.Release|Any CPU.ActiveCfg = Release|Any CPU
		{2A3B60B2-E8B0-42F8-99B3-BA42E52274EA}.Release|Any CPU.Build.0 = Release|Any CPU
		{F73A23BA-2411-4C0F-BBD2-512F8173707C}.Debug|Any CPU.ActiveCfg = Debug|Any CPU
		{F73A23BA-2411-4C0F-BBD2-512F8173707C}.Debug|Any CPU.Build.0 = Debug|Any CPU
		{F73A23BA-2411-4C0F-BBD2-512F8173707C}.Mono Debug|Any CPU.ActiveCfg = Mono Debug|Any CPU
		{F73A23BA-2411-4C0F-BBD2-512F8173707C}.Mono Debug|Any CPU.Build.0 = Mono Debug|Any CPU
		{F73A23BA-2411-4C0F-BBD2-512F8173707C}.Mono Release|Any CPU.ActiveCfg = Mono Release|Any CPU
		{F73A23BA-2411-4C0F-BBD2-512F8173707C}.Mono Release|Any CPU.Build.0 = Mono Release|Any CPU
		{F73A23BA-2411-4C0F-BBD2-512F8173707C}.MS Debug|Any CPU.ActiveCfg = MS Debug|Any CPU
		{F73A23BA-2411-4C0F-BBD2-512F8173707C}.MS Debug|Any CPU.Build.0 = MS Debug|Any CPU
		{F73A23BA-2411-4C0F-BBD2-512F8173707C}.MS Release|Any CPU.ActiveCfg = MS Release|Any CPU
		{F73A23BA-2411-4C0F-BBD2-512F8173707C}.MS Release|Any CPU.Build.0 = MS Release|Any CPU
		{F73A23BA-2411-4C0F-BBD2-512F8173707C}.Release|Any CPU.ActiveCfg = Release|Any CPU
		{F73A23BA-2411-4C0F-BBD2-512F8173707C}.Release|Any CPU.Build.0 = Release|Any CPU
		{12381CA9-BF08-4871-9B29-9C306B05A109}.Debug|Any CPU.ActiveCfg = Debug|Any CPU
		{12381CA9-BF08-4871-9B29-9C306B05A109}.Debug|Any CPU.Build.0 = Debug|Any CPU
		{12381CA9-BF08-4871-9B29-9C306B05A109}.Mono Debug|Any CPU.ActiveCfg = Debug|Any CPU
		{12381CA9-BF08-4871-9B29-9C306B05A109}.Mono Debug|Any CPU.Build.0 = Debug|Any CPU
		{12381CA9-BF08-4871-9B29-9C306B05A109}.Mono Release|Any CPU.ActiveCfg = Release|Any CPU
		{12381CA9-BF08-4871-9B29-9C306B05A109}.Mono Release|Any CPU.Build.0 = Release|Any CPU
		{12381CA9-BF08-4871-9B29-9C306B05A109}.MS Debug|Any CPU.ActiveCfg = Debug|Any CPU
		{12381CA9-BF08-4871-9B29-9C306B05A109}.MS Debug|Any CPU.Build.0 = Debug|Any CPU
		{12381CA9-BF08-4871-9B29-9C306B05A109}.MS Release|Any CPU.ActiveCfg = Release|Any CPU
		{12381CA9-BF08-4871-9B29-9C306B05A109}.MS Release|Any CPU.Build.0 = Release|Any CPU
		{12381CA9-BF08-4871-9B29-9C306B05A109}.Release|Any CPU.ActiveCfg = Release|Any CPU
		{12381CA9-BF08-4871-9B29-9C306B05A109}.Release|Any CPU.Build.0 = Release|Any CPU
		{AE238ADE-E514-4F9B-A410-F65F9728278B}.Debug|Any CPU.ActiveCfg = Debug|Any CPU
		{AE238ADE-E514-4F9B-A410-F65F9728278B}.Debug|Any CPU.Build.0 = Debug|Any CPU
		{AE238ADE-E514-4F9B-A410-F65F9728278B}.Mono Debug|Any CPU.ActiveCfg = Debug|Any CPU
		{AE238ADE-E514-4F9B-A410-F65F9728278B}.Mono Debug|Any CPU.Build.0 = Debug|Any CPU
		{AE238ADE-E514-4F9B-A410-F65F9728278B}.Mono Release|Any CPU.ActiveCfg = Release|Any CPU
		{AE238ADE-E514-4F9B-A410-F65F9728278B}.Mono Release|Any CPU.Build.0 = Release|Any CPU
		{AE238ADE-E514-4F9B-A410-F65F9728278B}.MS Debug|Any CPU.ActiveCfg = Debug|Any CPU
		{AE238ADE-E514-4F9B-A410-F65F9728278B}.MS Debug|Any CPU.Build.0 = Debug|Any CPU
		{AE238ADE-E514-4F9B-A410-F65F9728278B}.MS Release|Any CPU.ActiveCfg = Release|Any CPU
		{AE238ADE-E514-4F9B-A410-F65F9728278B}.MS Release|Any CPU.Build.0 = Release|Any CPU
		{AE238ADE-E514-4F9B-A410-F65F9728278B}.Release|Any CPU.ActiveCfg = Release|Any CPU
		{AE238ADE-E514-4F9B-A410-F65F9728278B}.Release|Any CPU.Build.0 = Release|Any CPU
		{7833BFFA-5FE3-4BBD-A0E4-F833AC9CD214}.Debug|Any CPU.ActiveCfg = Debug|Any CPU
		{7833BFFA-5FE3-4BBD-A0E4-F833AC9CD214}.Debug|Any CPU.Build.0 = Debug|Any CPU
		{7833BFFA-5FE3-4BBD-A0E4-F833AC9CD214}.Mono Debug|Any CPU.ActiveCfg = Debug|Any CPU
		{7833BFFA-5FE3-4BBD-A0E4-F833AC9CD214}.Mono Debug|Any CPU.Build.0 = Debug|Any CPU
		{7833BFFA-5FE3-4BBD-A0E4-F833AC9CD214}.Mono Release|Any CPU.ActiveCfg = Release|Any CPU
		{7833BFFA-5FE3-4BBD-A0E4-F833AC9CD214}.Mono Release|Any CPU.Build.0 = Release|Any CPU
		{7833BFFA-5FE3-4BBD-A0E4-F833AC9CD214}.MS Debug|Any CPU.ActiveCfg = Debug|Any CPU
		{7833BFFA-5FE3-4BBD-A0E4-F833AC9CD214}.MS Debug|Any CPU.Build.0 = Debug|Any CPU
		{7833BFFA-5FE3-4BBD-A0E4-F833AC9CD214}.MS Release|Any CPU.ActiveCfg = Release|Any CPU
		{7833BFFA-5FE3-4BBD-A0E4-F833AC9CD214}.MS Release|Any CPU.Build.0 = Release|Any CPU
		{7833BFFA-5FE3-4BBD-A0E4-F833AC9CD214}.Release|Any CPU.ActiveCfg = Release|Any CPU
		{7833BFFA-5FE3-4BBD-A0E4-F833AC9CD214}.Release|Any CPU.Build.0 = Release|Any CPU
		{118C0C80-9338-479D-879A-E6737B6547A0}.Debug|Any CPU.ActiveCfg = Debug|Any CPU
		{118C0C80-9338-479D-879A-E6737B6547A0}.Debug|Any CPU.Build.0 = Debug|Any CPU
		{118C0C80-9338-479D-879A-E6737B6547A0}.Mono Debug|Any CPU.ActiveCfg = Debug|Any CPU
		{118C0C80-9338-479D-879A-E6737B6547A0}.Mono Debug|Any CPU.Build.0 = Debug|Any CPU
		{118C0C80-9338-479D-879A-E6737B6547A0}.Mono Release|Any CPU.ActiveCfg = Release|Any CPU
		{118C0C80-9338-479D-879A-E6737B6547A0}.Mono Release|Any CPU.Build.0 = Release|Any CPU
		{118C0C80-9338-479D-879A-E6737B6547A0}.MS Debug|Any CPU.ActiveCfg = Debug|Any CPU
		{118C0C80-9338-479D-879A-E6737B6547A0}.MS Debug|Any CPU.Build.0 = Debug|Any CPU
		{118C0C80-9338-479D-879A-E6737B6547A0}.MS Release|Any CPU.ActiveCfg = Release|Any CPU
		{118C0C80-9338-479D-879A-E6737B6547A0}.MS Release|Any CPU.Build.0 = Release|Any CPU
		{118C0C80-9338-479D-879A-E6737B6547A0}.Release|Any CPU.ActiveCfg = Release|Any CPU
		{118C0C80-9338-479D-879A-E6737B6547A0}.Release|Any CPU.Build.0 = Release|Any CPU
		{E5DD7185-66B4-41DD-AAC9-7E055FB1BF24}.Debug|Any CPU.ActiveCfg = Debug|Any CPU
		{E5DD7185-66B4-41DD-AAC9-7E055FB1BF24}.Debug|Any CPU.Build.0 = Debug|Any CPU
		{E5DD7185-66B4-41DD-AAC9-7E055FB1BF24}.Mono Debug|Any CPU.ActiveCfg = Debug|Any CPU
		{E5DD7185-66B4-41DD-AAC9-7E055FB1BF24}.Mono Debug|Any CPU.Build.0 = Debug|Any CPU
		{E5DD7185-66B4-41DD-AAC9-7E055FB1BF24}.Mono Release|Any CPU.ActiveCfg = Release|Any CPU
		{E5DD7185-66B4-41DD-AAC9-7E055FB1BF24}.Mono Release|Any CPU.Build.0 = Release|Any CPU
		{E5DD7185-66B4-41DD-AAC9-7E055FB1BF24}.MS Debug|Any CPU.ActiveCfg = Debug|Any CPU
		{E5DD7185-66B4-41DD-AAC9-7E055FB1BF24}.MS Debug|Any CPU.Build.0 = Debug|Any CPU
		{E5DD7185-66B4-41DD-AAC9-7E055FB1BF24}.MS Release|Any CPU.ActiveCfg = Release|Any CPU
		{E5DD7185-66B4-41DD-AAC9-7E055FB1BF24}.MS Release|Any CPU.Build.0 = Release|Any CPU
		{E5DD7185-66B4-41DD-AAC9-7E055FB1BF24}.Release|Any CPU.ActiveCfg = Release|Any CPU
		{E5DD7185-66B4-41DD-AAC9-7E055FB1BF24}.Release|Any CPU.Build.0 = Release|Any CPU
		{0049D810-5F36-4932-8CAC-9C24199EAB3C}.Debug|Any CPU.ActiveCfg = Debug|Any CPU
		{0049D810-5F36-4932-8CAC-9C24199EAB3C}.Debug|Any CPU.Build.0 = Debug|Any CPU
		{0049D810-5F36-4932-8CAC-9C24199EAB3C}.Mono Debug|Any CPU.ActiveCfg = Debug|Any CPU
		{0049D810-5F36-4932-8CAC-9C24199EAB3C}.Mono Debug|Any CPU.Build.0 = Debug|Any CPU
		{0049D810-5F36-4932-8CAC-9C24199EAB3C}.Mono Release|Any CPU.ActiveCfg = Release|Any CPU
		{0049D810-5F36-4932-8CAC-9C24199EAB3C}.Mono Release|Any CPU.Build.0 = Release|Any CPU
		{0049D810-5F36-4932-8CAC-9C24199EAB3C}.MS Debug|Any CPU.ActiveCfg = Debug|Any CPU
		{0049D810-5F36-4932-8CAC-9C24199EAB3C}.MS Debug|Any CPU.Build.0 = Debug|Any CPU
		{0049D810-5F36-4932-8CAC-9C24199EAB3C}.MS Release|Any CPU.ActiveCfg = Release|Any CPU
		{0049D810-5F36-4932-8CAC-9C24199EAB3C}.MS Release|Any CPU.Build.0 = Release|Any CPU
		{0049D810-5F36-4932-8CAC-9C24199EAB3C}.Release|Any CPU.ActiveCfg = Release|Any CPU
		{0049D810-5F36-4932-8CAC-9C24199EAB3C}.Release|Any CPU.Build.0 = Release|Any CPU
		{851F5B53-F7ED-435E-BEF9-6486B3FE42C7}.Debug|Any CPU.ActiveCfg = Debug|Any CPU
		{851F5B53-F7ED-435E-BEF9-6486B3FE42C7}.Debug|Any CPU.Build.0 = Debug|Any CPU
		{851F5B53-F7ED-435E-BEF9-6486B3FE42C7}.Mono Debug|Any CPU.ActiveCfg = Debug|Any CPU
		{851F5B53-F7ED-435E-BEF9-6486B3FE42C7}.Mono Debug|Any CPU.Build.0 = Debug|Any CPU
		{851F5B53-F7ED-435E-BEF9-6486B3FE42C7}.Mono Release|Any CPU.ActiveCfg = Release|Any CPU
		{851F5B53-F7ED-435E-BEF9-6486B3FE42C7}.Mono Release|Any CPU.Build.0 = Release|Any CPU
		{851F5B53-F7ED-435E-BEF9-6486B3FE42C7}.MS Debug|Any CPU.ActiveCfg = Debug|Any CPU
		{851F5B53-F7ED-435E-BEF9-6486B3FE42C7}.MS Debug|Any CPU.Build.0 = Debug|Any CPU
		{851F5B53-F7ED-435E-BEF9-6486B3FE42C7}.MS Release|Any CPU.ActiveCfg = Release|Any CPU
		{851F5B53-F7ED-435E-BEF9-6486B3FE42C7}.MS Release|Any CPU.Build.0 = Release|Any CPU
		{851F5B53-F7ED-435E-BEF9-6486B3FE42C7}.Release|Any CPU.ActiveCfg = Release|Any CPU
		{851F5B53-F7ED-435E-BEF9-6486B3FE42C7}.Release|Any CPU.Build.0 = Release|Any CPU
	EndGlobalSection
	GlobalSection(SolutionProperties) = preSolution
		HideSolutionNode = FALSE
	EndGlobalSection
	GlobalSection(NestedProjects) = preSolution
		{E5DD7185-66B4-41DD-AAC9-7E055FB1BF24} = {CE6761DB-C91C-486F-9801-78DA808558CE}
		{851F5B53-F7ED-435E-BEF9-6486B3FE42C7} = {CE6761DB-C91C-486F-9801-78DA808558CE}
	EndGlobalSection
	GlobalSection(MonoDevelopProperties) = preSolution
		Policies = $0
		$0.DotNetNamingPolicy = $1
		$1.DirectoryNamespaceAssociation = None
		$1.ResourceNamePolicy = FileFormatDefault
		$0.StandardHeader = $2
		$2.Text = 
		$2.IncludeInNewFiles = True
	EndGlobalSection
EndGlobal
