
Microsoft Visual Studio Solution File, Format Version 12.00
# Visual Studio 2013
VisualStudioVersion = 12.0.31101.0
MinimumVisualStudioVersion = 10.0.40219.1
Project("{FAE04EC0-301F-11D3-BF4B-00C04F79EFBC}") = "ServerAdmin", "ServerAdmin\ServerAdmin.csproj", "{A1A408D7-F9EC-433F-9496-0E3F6A2414D6}"
EndProject
Project("{2150E333-8FDC-42A3-9474-1A3956D46DE8}") = ".nuget", ".nuget", "{9242E026-0B71-4ED0-A258-A9C57FFB7119}"
	ProjectSection(SolutionItems) = preProject
		.nuget\NuGet.Config = .nuget\NuGet.Config
		.nuget\NuGet.exe = .nuget\NuGet.exe
		.nuget\NuGet.targets = .nuget\NuGet.targets
	EndProjectSection
EndProject
Project("{FAE04EC0-301F-11D3-BF4B-00C04F79EFBC}") = "TestApp", "TestApp\TestApp.csproj", "{973A9A65-99FE-4669-B8B3-FAC8807B3E75}"
EndProject
Project("{FAE04EC0-301F-11D3-BF4B-00C04F79EFBC}") = "Tbl.ServerAdmin.DataAccess.Core", "Tbl.ServerAdmin.DataAccess.Core\Tbl.ServerAdmin.DataAccess.Core.csproj", "{26AA2BEE-72D2-44BB-BCA3-F1A7CAA1A66D}"
EndProject
Project("{FAE04EC0-301F-11D3-BF4B-00C04F79EFBC}") = "Tbl.ServerAdmin.DataAccess.SqlLite", "Tbl.ServerAdmin.DataAccess.SqlLite\Tbl.ServerAdmin.DataAccess.SqlLite.csproj", "{8661E930-22FE-45E5-A3C9-CE989F5649CC}"
EndProject
Project("{FAE04EC0-301F-11D3-BF4B-00C04F79EFBC}") = "Tbl.ServerAdmin.DataAccess", "Tbl.ServerAdmin.DataAccess\Tbl.ServerAdmin.DataAccess.csproj", "{2A3B60B2-E8B0-42F8-99B3-BA42E52274EA}"
EndProject
Project("{FAE04EC0-301F-11D3-BF4B-00C04F79EFBC}") = "Tbl.ServerAdmin.Web", "Tbl.ServerAdmin.Web\Tbl.ServerAdmin.Web.csproj", "{F73A23BA-2411-4C0F-BBD2-512F8173707C}"
EndProject
Project("{FAE04EC0-301F-11D3-BF4B-00C04F79EFBC}") = "Tbl.ServerAdmin.Providers", "Tbl.ServerAdmin.Providers\Tbl.ServerAdmin.Providers.csproj", "{12381CA9-BF08-4871-9B29-9C306B05A109}"
EndProject
Global
	GlobalSection(SolutionConfigurationPlatforms) = preSolution
		Debug|Any CPU = Debug|Any CPU
		Mono Debug|Any CPU = Mono Debug|Any CPU
		Mono Release|Any CPU = Mono Release|Any CPU
		MS Debug|Any CPU = MS Debug|Any CPU
		MS Release|Any CPU = MS Release|Any CPU
		Release|Any CPU = Release|Any CPU
	EndGlobalSection
	GlobalSection(ProjectConfigurationPlatforms) = postSolution
		{A1A408D7-F9EC-433F-9496-0E3F6A2414D6}.Debug|Any CPU.ActiveCfg = Debug|Any CPU
		{A1A408D7-F9EC-433F-9496-0E3F6A2414D6}.Debug|Any CPU.Build.0 = Debug|Any CPU
		{A1A408D7-F9EC-433F-9496-0E3F6A2414D6}.Mono Debug|Any CPU.ActiveCfg = Mono Debug|Any CPU
		{A1A408D7-F9EC-433F-9496-0E3F6A2414D6}.Mono Debug|Any CPU.Build.0 = Mono Debug|Any CPU
		{A1A408D7-F9EC-433F-9496-0E3F6A2414D6}.Mono Release|Any CPU.ActiveCfg = Mono Release|Any CPU
		{A1A408D7-F9EC-433F-9496-0E3F6A2414D6}.Mono Release|Any CPU.Build.0 = Mono Release|Any CPU
		{A1A408D7-F9EC-433F-9496-0E3F6A2414D6}.MS Debug|Any CPU.ActiveCfg = MS Debug|Any CPU
		{A1A408D7-F9EC-433F-9496-0E3F6A2414D6}.MS Debug|Any CPU.Build.0 = MS Debug|Any CPU
		{A1A408D7-F9EC-433F-9496-0E3F6A2414D6}.MS Release|Any CPU.ActiveCfg = MS Release|Any CPU
		{A1A408D7-F9EC-433F-9496-0E3F6A2414D6}.MS Release|Any CPU.Build.0 = MS Release|Any CPU
		{A1A408D7-F9EC-433F-9496-0E3F6A2414D6}.Release|Any CPU.ActiveCfg = Release|Any CPU
		{A1A408D7-F9EC-433F-9496-0E3F6A2414D6}.Release|Any CPU.Build.0 = Release|Any CPU
		{973A9A65-99FE-4669-B8B3-FAC8807B3E75}.Debug|Any CPU.ActiveCfg = Debug|Any CPU
		{973A9A65-99FE-4669-B8B3-FAC8807B3E75}.Debug|Any CPU.Build.0 = Debug|Any CPU
		{973A9A65-99FE-4669-B8B3-FAC8807B3E75}.Mono Debug|Any CPU.ActiveCfg = Mono Debug|Any CPU
		{973A9A65-99FE-4669-B8B3-FAC8807B3E75}.Mono Debug|Any CPU.Build.0 = Mono Debug|Any CPU
		{973A9A65-99FE-4669-B8B3-FAC8807B3E75}.Mono Release|Any CPU.ActiveCfg = Mono Release|Any CPU
		{973A9A65-99FE-4669-B8B3-FAC8807B3E75}.Mono Release|Any CPU.Build.0 = Mono Release|Any CPU
		{973A9A65-99FE-4669-B8B3-FAC8807B3E75}.MS Debug|Any CPU.ActiveCfg = MS Debug|Any CPU
		{973A9A65-99FE-4669-B8B3-FAC8807B3E75}.MS Debug|Any CPU.Build.0 = MS Debug|Any CPU
		{973A9A65-99FE-4669-B8B3-FAC8807B3E75}.MS Release|Any CPU.ActiveCfg = MS Release|Any CPU
		{973A9A65-99FE-4669-B8B3-FAC8807B3E75}.MS Release|Any CPU.Build.0 = MS Release|Any CPU
		{973A9A65-99FE-4669-B8B3-FAC8807B3E75}.Release|Any CPU.ActiveCfg = Release|Any CPU
		{973A9A65-99FE-4669-B8B3-FAC8807B3E75}.Release|Any CPU.Build.0 = Release|Any CPU
		{26AA2BEE-72D2-44BB-BCA3-F1A7CAA1A66D}.Debug|Any CPU.ActiveCfg = Debug|Any CPU
		{26AA2BEE-72D2-44BB-BCA3-F1A7CAA1A66D}.Debug|Any CPU.Build.0 = Debug|Any CPU
		{26AA2BEE-72D2-44BB-BCA3-F1A7CAA1A66D}.Mono Debug|Any CPU.ActiveCfg = Mono Debug|Any CPU
		{26AA2BEE-72D2-44BB-BCA3-F1A7CAA1A66D}.Mono Debug|Any CPU.Build.0 = Mono Debug|Any CPU
		{26AA2BEE-72D2-44BB-BCA3-F1A7CAA1A66D}.Mono Release|Any CPU.ActiveCfg = Mono Release|Any CPU
		{26AA2BEE-72D2-44BB-BCA3-F1A7CAA1A66D}.Mono Release|Any CPU.Build.0 = Mono Release|Any CPU
		{26AA2BEE-72D2-44BB-BCA3-F1A7CAA1A66D}.MS Debug|Any CPU.ActiveCfg = MS Debug|Any CPU
		{26AA2BEE-72D2-44BB-BCA3-F1A7CAA1A66D}.MS Debug|Any CPU.Build.0 = MS Debug|Any CPU
		{26AA2BEE-72D2-44BB-BCA3-F1A7CAA1A66D}.MS Release|Any CPU.ActiveCfg = MS Release|Any CPU
		{26AA2BEE-72D2-44BB-BCA3-F1A7CAA1A66D}.MS Release|Any CPU.Build.0 = MS Release|Any CPU
		{26AA2BEE-72D2-44BB-BCA3-F1A7CAA1A66D}.Release|Any CPU.ActiveCfg = Release|Any CPU
		{26AA2BEE-72D2-44BB-BCA3-F1A7CAA1A66D}.Release|Any CPU.Build.0 = Release|Any CPU
		{8661E930-22FE-45E5-A3C9-CE989F5649CC}.Debug|Any CPU.ActiveCfg = Debug|Any CPU
		{8661E930-22FE-45E5-A3C9-CE989F5649CC}.Debug|Any CPU.Build.0 = Debug|Any CPU
		{8661E930-22FE-45E5-A3C9-CE989F5649CC}.Mono Debug|Any CPU.ActiveCfg = Mono Debug|Any CPU
		{8661E930-22FE-45E5-A3C9-CE989F5649CC}.Mono Debug|Any CPU.Build.0 = Mono Debug|Any CPU
		{8661E930-22FE-45E5-A3C9-CE989F5649CC}.Mono Release|Any CPU.ActiveCfg = Mono Release|Any CPU
		{8661E930-22FE-45E5-A3C9-CE989F5649CC}.Mono Release|Any CPU.Build.0 = Mono Release|Any CPU
		{8661E930-22FE-45E5-A3C9-CE989F5649CC}.MS Debug|Any CPU.ActiveCfg = MS Debug|Any CPU
		{8661E930-22FE-45E5-A3C9-CE989F5649CC}.MS Debug|Any CPU.Build.0 = MS Debug|Any CPU
		{8661E930-22FE-45E5-A3C9-CE989F5649CC}.MS Release|Any CPU.ActiveCfg = MS Release|Any CPU
		{8661E930-22FE-45E5-A3C9-CE989F5649CC}.MS Release|Any CPU.Build.0 = MS Release|Any CPU
		{8661E930-22FE-45E5-A3C9-CE989F5649CC}.Release|Any CPU.ActiveCfg = Release|Any CPU
		{8661E930-22FE-45E5-A3C9-CE989F5649CC}.Release|Any CPU.Build.0 = Release|Any CPU
		{2A3B60B2-E8B0-42F8-99B3-BA42E52274EA}.Debug|Any CPU.ActiveCfg = Debug|Any CPU
		{2A3B60B2-E8B0-42F8-99B3-BA42E52274EA}.Debug|Any CPU.Build.0 = Debug|Any CPU
		{2A3B60B2-E8B0-42F8-99B3-BA42E52274EA}.Mono Debug|Any CPU.ActiveCfg = Mono Debug|Any CPU
		{2A3B60B2-E8B0-42F8-99B3-BA42E52274EA}.Mono Debug|Any CPU.Build.0 = Mono Debug|Any CPU
		{2A3B60B2-E8B0-42F8-99B3-BA42E52274EA}.Mono Release|Any CPU.ActiveCfg = Mono Release|Any CPU
		{2A3B60B2-E8B0-42F8-99B3-BA42E52274EA}.Mono Release|Any CPU.Build.0 = Mono Release|Any CPU
		{2A3B60B2-E8B0-42F8-99B3-BA42E52274EA}.MS Debug|Any CPU.ActiveCfg = MS Debug|Any CPU
		{2A3B60B2-E8B0-42F8-99B3-BA42E52274EA}.MS Debug|Any CPU.Build.0 = MS Debug|Any CPU
		{2A3B60B2-E8B0-42F8-99B3-BA42E52274EA}.MS Release|Any CPU.ActiveCfg = MS Release|Any CPU
		{2A3B60B2-E8B0-42F8-99B3-BA42E52274EA}.MS Release|Any CPU.Build.0 = MS Release|Any CPU
		{2A3B60B2-E8B0-42F8-99B3-BA42E52274EA}.Release|Any CPU.ActiveCfg = Release|Any CPU
		{2A3B60B2-E8B0-42F8-99B3-BA42E52274EA}.Release|Any CPU.Build.0 = Release|Any CPU
		{F73A23BA-2411-4C0F-BBD2-512F8173707C}.Debug|Any CPU.ActiveCfg = Debug|Any CPU
		{F73A23BA-2411-4C0F-BBD2-512F8173707C}.Debug|Any CPU.Build.0 = Debug|Any CPU
		{F73A23BA-2411-4C0F-BBD2-512F8173707C}.Mono Debug|Any CPU.ActiveCfg = Mono Debug|Any CPU
		{F73A23BA-2411-4C0F-BBD2-512F8173707C}.Mono Debug|Any CPU.Build.0 = Mono Debug|Any CPU
		{F73A23BA-2411-4C0F-BBD2-512F8173707C}.Mono Release|Any CPU.ActiveCfg = Mono Release|Any CPU
		{F73A23BA-2411-4C0F-BBD2-512F8173707C}.Mono Release|Any CPU.Build.0 = Mono Release|Any CPU
		{F73A23BA-2411-4C0F-BBD2-512F8173707C}.MS Debug|Any CPU.ActiveCfg = MS Debug|Any CPU
		{F73A23BA-2411-4C0F-BBD2-512F8173707C}.MS Debug|Any CPU.Build.0 = MS Debug|Any CPU
		{F73A23BA-2411-4C0F-BBD2-512F8173707C}.MS Release|Any CPU.ActiveCfg = MS Release|Any CPU
		{F73A23BA-2411-4C0F-BBD2-512F8173707C}.MS Release|Any CPU.Build.0 = MS Release|Any CPU
		{F73A23BA-2411-4C0F-BBD2-512F8173707C}.Release|Any CPU.ActiveCfg = Release|Any CPU
		{F73A23BA-2411-4C0F-BBD2-512F8173707C}.Release|Any CPU.Build.0 = Release|Any CPU
		{12381CA9-BF08-4871-9B29-9C306B05A109}.Debug|Any CPU.ActiveCfg = Debug|Any CPU
		{12381CA9-BF08-4871-9B29-9C306B05A109}.Debug|Any CPU.Build.0 = Debug|Any CPU
		{12381CA9-BF08-4871-9B29-9C306B05A109}.Mono Debug|Any CPU.ActiveCfg = Debug|Any CPU
		{12381CA9-BF08-4871-9B29-9C306B05A109}.Mono Debug|Any CPU.Build.0 = Debug|Any CPU
		{12381CA9-BF08-4871-9B29-9C306B05A109}.Mono Release|Any CPU.ActiveCfg = Release|Any CPU
		{12381CA9-BF08-4871-9B29-9C306B05A109}.Mono Release|Any CPU.Build.0 = Release|Any CPU
		{12381CA9-BF08-4871-9B29-9C306B05A109}.MS Debug|Any CPU.ActiveCfg = Debug|Any CPU
		{12381CA9-BF08-4871-9B29-9C306B05A109}.MS Debug|Any CPU.Build.0 = Debug|Any CPU
		{12381CA9-BF08-4871-9B29-9C306B05A109}.MS Release|Any CPU.ActiveCfg = Release|Any CPU
		{12381CA9-BF08-4871-9B29-9C306B05A109}.MS Release|Any CPU.Build.0 = Release|Any CPU
		{12381CA9-BF08-4871-9B29-9C306B05A109}.Release|Any CPU.ActiveCfg = Release|Any CPU
		{12381CA9-BF08-4871-9B29-9C306B05A109}.Release|Any CPU.Build.0 = Release|Any CPU
	EndGlobalSection
	GlobalSection(SolutionProperties) = preSolution
		HideSolutionNode = FALSE
	EndGlobalSection
	GlobalSection(MonoDevelopProperties) = preSolution
		Policies = $0
		$0.DotNetNamingPolicy = $1
		$1.DirectoryNamespaceAssociation = None
		$1.ResourceNamePolicy = FileFormatDefault
		$0.StandardHeader = $2
		$2.Text = 
		$2.IncludeInNewFiles = True
	EndGlobalSection
EndGlobal
